
Microsoft Visual Studio Solution File, Format Version 12.00
# Visual Studio Version 16
VisualStudioVersion = 25.0.1705.4
MinimumVisualStudioVersion = 10.0.40219.1
Project("{FAE04EC0-301F-11D3-BF4B-00C04F79EFBC}") = "cw18_1", "cw18_1\cw18_1.csproj", "{84F274A5-CCCA-4E6E-822F-77258128D66D}"
EndProject
Project("{2150E333-8FDC-42A3-9474-1A3956D46DE8}") = "1-Domain", "1-Domain", "{EB4317FF-0B4F-4C00-AF93-1D0F9864617E}"
EndProject
Project("{2150E333-8FDC-42A3-9474-1A3956D46DE8}") = "2-Infrastructure", "2-Infrastructure", "{342CC2CA-C5FA-4CDC-BF93-49EEB4F6587C}"
EndProject
Project("{2150E333-8FDC-42A3-9474-1A3956D46DE8}") = "3-EndPoint", "3-EndPoint", "{4B79BE82-6FBB-460A-B94A-8161621C961E}"
EndProject
Project("{2150E333-8FDC-42A3-9474-1A3956D46DE8}") = "Core", "Core", "{DD14BFE3-DD1C-4AB4-BBD6-71AE20D48730}"
EndProject
Project("{2150E333-8FDC-42A3-9474-1A3956D46DE8}") = "Service", "Service", "{00EF2ADC-42ED-4F17-B6EC-2FB94ECB0D36}"
EndProject
Project("{FAE04EC0-301F-11D3-BF4B-00C04F79EFBC}") = "AppCore", "AppCore\AppCore.csproj", "{790FD4C7-4A39-497F-81B1-8A523689C663}"
EndProject
Project("{FAE04EC0-301F-11D3-BF4B-00C04F79EFBC}") = "AppService", "AppService\AppService.csproj", "{932FA99C-AC32-48BE-A741-F2D8FEDA3A44}"
EndProject
Project("{2150E333-8FDC-42A3-9474-1A3956D46DE8}") = "Repository", "Repository", "{45014CA8-CCDE-45F5-949D-7C080DFE8EF5}"
EndProject
Project("{2150E333-8FDC-42A3-9474-1A3956D46DE8}") = "SqlDataBase", "SqlDataBase", "{4B90DFEA-E0F5-435D-AC61-E30DF894C4F5}"
EndProject
Project("{FAE04EC0-301F-11D3-BF4B-00C04F79EFBC}") = "SqlDataBase", "SqlDataBase\SqlDataBase.csproj", "{7D8FAD64-6D6E-40F7-B481-93F273E9BA75}"
EndProject
Project("{FAE04EC0-301F-11D3-BF4B-00C04F79EFBC}") = "Repository", "Repository\Repository.csproj", "{BB50D618-F366-4671-86F7-EA5EF9BB5C74}"
EndProject
Project("{2150E333-8FDC-42A3-9474-1A3956D46DE8}") = "Repository", "Repository", "{39012E20-5403-4C67-8D13-E5CAE166CFCC}"
EndProject
Project("{FAE04EC0-301F-11D3-BF4B-00C04F79EFBC}") = "Repository_", "Repository_\Repository_.csproj", "{46BE60D8-D370-4C92-9B9C-ED1065222E0A}"
EndProject
Project("{FAE04EC0-301F-11D3-BF4B-00C04F79EFBC}") = "ButtonRepository", "Repository_\ButtonRepository\ButtonRepository.csproj", "{F1F2B83B-B346-4ADC-9CBB-21A41B1DCE71}"
EndProject
Project("{9344BDBB-3E7F-41FC-A0DD-8665D75EE146}") = "Repository", "SqlDataBase\Repository\Repository.csproj", "{10FD38BB-B584-4047-B217-AE97E2B5346C}"
EndProject
Project("{2150E333-8FDC-42A3-9474-1A3956D46DE8}") = "rep", "rep", "{DB36D8FC-E18B-4B4F-894C-DD9004F9C54C}"
EndProject
Project("{FAE04EC0-301F-11D3-BF4B-00C04F79EFBC}") = "repButton", "repButton\repButton.csproj", "{E1E1735C-87BD-4FB8-867F-831511FC4F66}"
EndProject
Global
	GlobalSection(SolutionConfigurationPlatforms) = preSolution
		Debug|Any CPU = Debug|Any CPU
		Release|Any CPU = Release|Any CPU
	EndGlobalSection
	GlobalSection(ProjectConfigurationPlatforms) = postSolution
		{84F274A5-CCCA-4E6E-822F-77258128D66D}.Debug|Any CPU.ActiveCfg = Debug|Any CPU
		{84F274A5-CCCA-4E6E-822F-77258128D66D}.Debug|Any CPU.Build.0 = Debug|Any CPU
		{84F274A5-CCCA-4E6E-822F-77258128D66D}.Release|Any CPU.ActiveCfg = Release|Any CPU
		{84F274A5-CCCA-4E6E-822F-77258128D66D}.Release|Any CPU.Build.0 = Release|Any CPU
		{790FD4C7-4A39-497F-81B1-8A523689C663}.Debug|Any CPU.ActiveCfg = Debug|Any CPU
		{790FD4C7-4A39-497F-81B1-8A523689C663}.Debug|Any CPU.Build.0 = Debug|Any CPU
		{790FD4C7-4A39-497F-81B1-8A523689C663}.Release|Any CPU.ActiveCfg = Release|Any CPU
		{790FD4C7-4A39-497F-81B1-8A523689C663}.Release|Any CPU.Build.0 = Release|Any CPU
		{932FA99C-AC32-48BE-A741-F2D8FEDA3A44}.Debug|Any CPU.ActiveCfg = Debug|Any CPU
		{932FA99C-AC32-48BE-A741-F2D8FEDA3A44}.Debug|Any CPU.Build.0 = Debug|Any CPU
		{932FA99C-AC32-48BE-A741-F2D8FEDA3A44}.Release|Any CPU.ActiveCfg = Release|Any CPU
		{932FA99C-AC32-48BE-A741-F2D8FEDA3A44}.Release|Any CPU.Build.0 = Release|Any CPU
		{7D8FAD64-6D6E-40F7-B481-93F273E9BA75}.Debug|Any CPU.ActiveCfg = Debug|Any CPU
		{7D8FAD64-6D6E-40F7-B481-93F273E9BA75}.Debug|Any CPU.Build.0 = Debug|Any CPU
		{7D8FAD64-6D6E-40F7-B481-93F273E9BA75}.Release|Any CPU.ActiveCfg = Release|Any CPU
		{7D8FAD64-6D6E-40F7-B481-93F273E9BA75}.Release|Any CPU.Build.0 = Release|Any CPU
		{BB50D618-F366-4671-86F7-EA5EF9BB5C74}.Debug|Any CPU.ActiveCfg = Debug|Any CPU
		{BB50D618-F366-4671-86F7-EA5EF9BB5C74}.Debug|Any CPU.Build.0 = Debug|Any CPU
		{BB50D618-F366-4671-86F7-EA5EF9BB5C74}.Release|Any CPU.ActiveCfg = Release|Any CPU
		{BB50D618-F366-4671-86F7-EA5EF9BB5C74}.Release|Any CPU.Build.0 = Release|Any CPU
		{46BE60D8-D370-4C92-9B9C-ED1065222E0A}.Debug|Any CPU.ActiveCfg = Debug|Any CPU
		{46BE60D8-D370-4C92-9B9C-ED1065222E0A}.Debug|Any CPU.Build.0 = Debug|Any CPU
		{46BE60D8-D370-4C92-9B9C-ED1065222E0A}.Release|Any CPU.ActiveCfg = Release|Any CPU
		{46BE60D8-D370-4C92-9B9C-ED1065222E0A}.Release|Any CPU.Build.0 = Release|Any CPU
		{F1F2B83B-B346-4ADC-9CBB-21A41B1DCE71}.Debug|Any CPU.ActiveCfg = Debug|Any CPU
		{F1F2B83B-B346-4ADC-9CBB-21A41B1DCE71}.Debug|Any CPU.Build.0 = Debug|Any CPU
		{F1F2B83B-B346-4ADC-9CBB-21A41B1DCE71}.Release|Any CPU.ActiveCfg = Release|Any CPU
		{F1F2B83B-B346-4ADC-9CBB-21A41B1DCE71}.Release|Any CPU.Build.0 = Release|Any CPU
		{10FD38BB-B584-4047-B217-AE97E2B5346C}.Debug|Any CPU.ActiveCfg = Debug|Any CPU
		{10FD38BB-B584-4047-B217-AE97E2B5346C}.Debug|Any CPU.Build.0 = Debug|Any CPU
		{10FD38BB-B584-4047-B217-AE97E2B5346C}.Release|Any CPU.ActiveCfg = Release|Any CPU
		{10FD38BB-B584-4047-B217-AE97E2B5346C}.Release|Any CPU.Build.0 = Release|Any CPU
		{E1E1735C-87BD-4FB8-867F-831511FC4F66}.Debug|Any CPU.ActiveCfg = Debug|Any CPU
		{E1E1735C-87BD-4FB8-867F-831511FC4F66}.Debug|Any CPU.Build.0 = Debug|Any CPU
		{E1E1735C-87BD-4FB8-867F-831511FC4F66}.Release|Any CPU.ActiveCfg = Release|Any CPU
		{E1E1735C-87BD-4FB8-867F-831511FC4F66}.Release|Any CPU.Build.0 = Release|Any CPU
	EndGlobalSection
	GlobalSection(SolutionProperties) = preSolution
		HideSolutionNode = FALSE
	EndGlobalSection
	GlobalSection(ExtensibilityGlobals) = postSolution
		SolutionGuid = {234A6EFE-3C14-4201-89C3-78E76175381A}
	EndGlobalSection
	GlobalSection(NestedProjects) = preSolution
		{84F274A5-CCCA-4E6E-822F-77258128D66D} = {4B79BE82-6FBB-460A-B94A-8161621C961E}
		{DD14BFE3-DD1C-4AB4-BBD6-71AE20D48730} = {EB4317FF-0B4F-4C00-AF93-1D0F9864617E}
		{00EF2ADC-42ED-4F17-B6EC-2FB94ECB0D36} = {EB4317FF-0B4F-4C00-AF93-1D0F9864617E}
		{790FD4C7-4A39-497F-81B1-8A523689C663} = {DD14BFE3-DD1C-4AB4-BBD6-71AE20D48730}
		{932FA99C-AC32-48BE-A741-F2D8FEDA3A44} = {00EF2ADC-42ED-4F17-B6EC-2FB94ECB0D36}
		{45014CA8-CCDE-45F5-949D-7C080DFE8EF5} = {342CC2CA-C5FA-4CDC-BF93-49EEB4F6587C}
		{4B90DFEA-E0F5-435D-AC61-E30DF894C4F5} = {342CC2CA-C5FA-4CDC-BF93-49EEB4F6587C}
		{7D8FAD64-6D6E-40F7-B481-93F273E9BA75} = {4B90DFEA-E0F5-435D-AC61-E30DF894C4F5}
		{BB50D618-F366-4671-86F7-EA5EF9BB5C74} = {45014CA8-CCDE-45F5-949D-7C080DFE8EF5}
		{39012E20-5403-4C67-8D13-E5CAE166CFCC} = {342CC2CA-C5FA-4CDC-BF93-49EEB4F6587C}
		{46BE60D8-D370-4C92-9B9C-ED1065222E0A} = {39012E20-5403-4C67-8D13-E5CAE166CFCC}
		{F1F2B83B-B346-4ADC-9CBB-21A41B1DCE71} = {39012E20-5403-4C67-8D13-E5CAE166CFCC}
		{10FD38BB-B584-4047-B217-AE97E2B5346C} = {342CC2CA-C5FA-4CDC-BF93-49EEB4F6587C}
		{DB36D8FC-E18B-4B4F-894C-DD9004F9C54C} = {342CC2CA-C5FA-4CDC-BF93-49EEB4F6587C}
		{E1E1735C-87BD-4FB8-867F-831511FC4F66} = {DB36D8FC-E18B-4B4F-894C-DD9004F9C54C}
	EndGlobalSection
EndGlobal
